
Microsoft Visual Studio Solution File, Format Version 12.00
# Visual Studio Version 17
VisualStudioVersion = 17.6.33829.357
MinimumVisualStudioVersion = 10.0.40219.1
Project("{FAE04EC0-301F-11D3-BF4B-00C04F79EFBC}") = "supermegaapp", "supermegaapp\supermegaapp.csproj", "{6F220D92-7DAA-43D4-A84B-B0317006B019}"
EndProject
Global
	GlobalSection(SolutionConfigurationPlatforms) = preSolution
		Debug|Any CPU = Debug|Any CPU
		Release|Any CPU = Release|Any CPU
	EndGlobalSection
	GlobalSection(ProjectConfigurationPlatforms) = postSolution
		{6F220D92-7DAA-43D4-A84B-B0317006B019}.Debug|Any CPU.ActiveCfg = Debug|Any CPU
		{6F220D92-7DAA-43D4-A84B-B0317006B019}.Debug|Any CPU.Build.0 = Debug|Any CPU
		{6F220D92-7DAA-43D4-A84B-B0317006B019}.Release|Any CPU.ActiveCfg = Release|Any CPU
		{6F220D92-7DAA-43D4-A84B-B0317006B019}.Release|Any CPU.Build.0 = Release|Any CPU
	EndGlobalSection
	GlobalSection(SolutionProperties) = preSolution
		HideSolutionNode = FALSE
	EndGlobalSection
	GlobalSection(ExtensibilityGlobals) = postSolution
		SolutionGuid = {1C553E26-686E-45EE-B106-8DF32C30B5BF}
	EndGlobalSection
EndGlobal
